
Microsoft Visual Studio Solution File, Format Version 12.00
# Visual Studio Version 17
VisualStudioVersion = 17.11.35208.52
MinimumVisualStudioVersion = 10.0.40219.1
Project("{9A19103F-16F7-4668-BE54-9A1E7A4F7556}") = "Rentora.Presentation", "Rentora.Presentation\Rentora.Presentation.csproj", "{BFBBF7D8-83FE-4B08-8B48-9648884FD56F}"
EndProject
Project("{9A19103F-16F7-4668-BE54-9A1E7A4F7556}") = "Rentora.Domain", "Rentora.Domain\Rentora.Domain.csproj", "{39CD5DFC-E466-4FD0-9D5E-860DCC6E7298}"
EndProject
Project("{9A19103F-16F7-4668-BE54-9A1E7A4F7556}") = "Rentora.Persistence", "Rentora.Persistence\Rentora.Persistence.csproj", "{FE54A0D3-3425-48D7-8ACF-85C7D2896867}"
EndProject
Project("{9A19103F-16F7-4668-BE54-9A1E7A4F7556}") = "Rentora.Application", "Rentora.Application\Rentora.Application.csproj", "{07E23BF8-5072-40E5-9AE9-78829B41A5E8}"
EndProject
Global
	GlobalSection(SolutionConfigurationPlatforms) = preSolution
		Debug|Any CPU = Debug|Any CPU
		Release|Any CPU = Release|Any CPU
	EndGlobalSection
	GlobalSection(ProjectConfigurationPlatforms) = postSolution
		{BFBBF7D8-83FE-4B08-8B48-9648884FD56F}.Debug|Any CPU.ActiveCfg = Debug|Any CPU
		{BFBBF7D8-83FE-4B08-8B48-9648884FD56F}.Debug|Any CPU.Build.0 = Debug|Any CPU
		{BFBBF7D8-83FE-4B08-8B48-9648884FD56F}.Release|Any CPU.ActiveCfg = Release|Any CPU
		{BFBBF7D8-83FE-4B08-8B48-9648884FD56F}.Release|Any CPU.Build.0 = Release|Any CPU
		{39CD5DFC-E466-4FD0-9D5E-860DCC6E7298}.Debug|Any CPU.ActiveCfg = Debug|Any CPU
		{39CD5DFC-E466-4FD0-9D5E-860DCC6E7298}.Debug|Any CPU.Build.0 = Debug|Any CPU
		{39CD5DFC-E466-4FD0-9D5E-860DCC6E7298}.Release|Any CPU.ActiveCfg = Release|Any CPU
		{39CD5DFC-E466-4FD0-9D5E-860DCC6E7298}.Release|Any CPU.Build.0 = Release|Any CPU
		{FE54A0D3-3425-48D7-8ACF-85C7D2896867}.Debug|Any CPU.ActiveCfg = Debug|Any CPU
		{FE54A0D3-3425-48D7-8ACF-85C7D2896867}.Debug|Any CPU.Build.0 = Debug|Any CPU
		{FE54A0D3-3425-48D7-8ACF-85C7D2896867}.Release|Any CPU.ActiveCfg = Release|Any CPU
		{FE54A0D3-3425-48D7-8ACF-85C7D2896867}.Release|Any CPU.Build.0 = Release|Any CPU
		{07E23BF8-5072-40E5-9AE9-78829B41A5E8}.Debug|Any CPU.ActiveCfg = Debug|Any CPU
		{07E23BF8-5072-40E5-9AE9-78829B41A5E8}.Debug|Any CPU.Build.0 = Debug|Any CPU
		{07E23BF8-5072-40E5-9AE9-78829B41A5E8}.Release|Any CPU.ActiveCfg = Release|Any CPU
		{07E23BF8-5072-40E5-9AE9-78829B41A5E8}.Release|Any CPU.Build.0 = Release|Any CPU
	EndGlobalSection
	GlobalSection(SolutionProperties) = preSolution
		HideSolutionNode = FALSE
	EndGlobalSection
	GlobalSection(ExtensibilityGlobals) = postSolution
		SolutionGuid = {E459282E-3A46-4226-BCA7-A2FAA86C354B}
	EndGlobalSection
EndGlobal
