
Microsoft Visual Studio Solution File, Format Version 12.00
# Visual Studio Version 17
VisualStudioVersion = 17.11.35208.52
MinimumVisualStudioVersion = 10.0.40219.1
Project("{FAE04EC0-301F-11D3-BF4B-00C04F79EFBC}") = "RentoraAPI", "RentoraAPI\RentoraAPI.csproj", "{2BC1B623-94C7-41B9-BC50-C31EDCC8FCFA}"
EndProject
Global
	GlobalSection(SolutionConfigurationPlatforms) = preSolution
		Debug|Any CPU = Debug|Any CPU
		Release|Any CPU = Release|Any CPU
	EndGlobalSection
	GlobalSection(ProjectConfigurationPlatforms) = postSolution
		{2BC1B623-94C7-41B9-BC50-C31EDCC8FCFA}.Debug|Any CPU.ActiveCfg = Debug|Any CPU
		{2BC1B623-94C7-41B9-BC50-C31EDCC8FCFA}.Debug|Any CPU.Build.0 = Debug|Any CPU
		{2BC1B623-94C7-41B9-BC50-C31EDCC8FCFA}.Release|Any CPU.ActiveCfg = Release|Any CPU
		{2BC1B623-94C7-41B9-BC50-C31EDCC8FCFA}.Release|Any CPU.Build.0 = Release|Any CPU
	EndGlobalSection
	GlobalSection(SolutionProperties) = preSolution
		HideSolutionNode = FALSE
	EndGlobalSection
	GlobalSection(ExtensibilityGlobals) = postSolution
		SolutionGuid = {E459282E-3A46-4226-BCA7-A2FAA86C354B}
	EndGlobalSection
EndGlobal
